// !$*UTF8*$!
{
	archiveVersion = 1;
	classes = {
	};
	objectVersion = 77;
	objects = {

/* Begin PBXBuildFile section */
		1B7617208D975DBE14A82ACE /* libPods-AuthDemoTests.a in Frameworks */ = {isa = PBXBuildFile; fileRef = 3F6CF7C765B0B8EE5A17B496 /* libPods-AuthDemoTests.a */; };
		AD4599E412CAF958D91EA036 /* libPods-AuthDemo.a in Frameworks */ = {isa = PBXBuildFile; fileRef = 0F73F4907292D2CD21222DC2 /* libPods-AuthDemo.a */; };
		F8B8DC3E1A76ED7EFB3578CC /* libPods-AuthDemo-AuthDemoUITests.a in Frameworks */ = {isa = PBXBuildFile; fileRef = 6FCE0492646448A58F3169E9 /* libPods-AuthDemo-AuthDemoUITests.a */; };
/* End PBXBuildFile section */

/* Begin PBXContainerItemProxy section */
		98CDB90D2E68FE9800CD30B1 /* PBXContainerItemProxy */ = {
			isa = PBXContainerItemProxy;
			containerPortal = 98CDB8EB2E68FE9400CD30B1 /* Project object */;
			proxyType = 1;
			remoteGlobalIDString = 98CDB8F22E68FE9400CD30B1;
			remoteInfo = AuthDemo;
		};
		98CDB9172E68FE9800CD30B1 /* PBXContainerItemProxy */ = {
			isa = PBXContainerItemProxy;
			containerPortal = 98CDB8EB2E68FE9400CD30B1 /* Project object */;
			proxyType = 1;
			remoteGlobalIDString = 98CDB8F22E68FE9400CD30B1;
			remoteInfo = AuthDemo;
		};
/* End PBXContainerItemProxy section */

/* Begin PBXFileReference section */
		0F73F4907292D2CD21222DC2 /* libPods-AuthDemo.a */ = {isa = PBXFileReference; explicitFileType = archive.ar; includeInIndex = 0; path = "libPods-AuthDemo.a"; sourceTree = BUILT_PRODUCTS_DIR; };
		1131ABDFC5DCA04D2AB7F027 /* Pods-AuthDemo.debug.xcconfig */ = {isa = PBXFileReference; includeInIndex = 1; lastKnownFileType = text.xcconfig; name = "Pods-AuthDemo.debug.xcconfig"; path = "Target Support Files/Pods-AuthDemo/Pods-AuthDemo.debug.xcconfig"; sourceTree = "<group>"; };
		3F6CF7C765B0B8EE5A17B496 /* libPods-AuthDemoTests.a */ = {isa = PBXFileReference; explicitFileType = archive.ar; includeInIndex = 0; path = "libPods-AuthDemoTests.a"; sourceTree = BUILT_PRODUCTS_DIR; };
		5DE746CA57AFBB9B9317C1F7 /* Pods-AuthDemoTests.debug.xcconfig */ = {isa = PBXFileReference; includeInIndex = 1; lastKnownFileType = text.xcconfig; name = "Pods-AuthDemoTests.debug.xcconfig"; path = "Target Support Files/Pods-AuthDemoTests/Pods-AuthDemoTests.debug.xcconfig"; sourceTree = "<group>"; };
		6FCE0492646448A58F3169E9 /* libPods-AuthDemo-AuthDemoUITests.a */ = {isa = PBXFileReference; explicitFileType = archive.ar; includeInIndex = 0; path = "libPods-AuthDemo-AuthDemoUITests.a"; sourceTree = BUILT_PRODUCTS_DIR; };
		78F3B549514BB0789CEDE633 /* Pods-AuthDemo-AuthDemoUITests.release.xcconfig */ = {isa = PBXFileReference; includeInIndex = 1; lastKnownFileType = text.xcconfig; name = "Pods-AuthDemo-AuthDemoUITests.release.xcconfig"; path = "Target Support Files/Pods-AuthDemo-AuthDemoUITests/Pods-AuthDemo-AuthDemoUITests.release.xcconfig"; sourceTree = "<group>"; };
		98CDB8F32E68FE9400CD30B1 /* AuthDemo.app */ = {isa = PBXFileReference; explicitFileType = wrapper.application; includeInIndex = 0; path = AuthDemo.app; sourceTree = BUILT_PRODUCTS_DIR; };
		98CDB90C2E68FE9800CD30B1 /* AuthDemoTests.xctest */ = {isa = PBXFileReference; explicitFileType = wrapper.cfbundle; includeInIndex = 0; path = AuthDemoTests.xctest; sourceTree = BUILT_PRODUCTS_DIR; };
		98CDB9162E68FE9800CD30B1 /* AuthDemoUITests.xctest */ = {isa = PBXFileReference; explicitFileType = wrapper.cfbundle; includeInIndex = 0; path = AuthDemoUITests.xctest; sourceTree = BUILT_PRODUCTS_DIR; };
		A04D72D5B4EF04F9E8BCBA4A /* Pods-AuthDemo-AuthDemoUITests.debug.xcconfig */ = {isa = PBXFileReference; includeInIndex = 1; lastKnownFileType = text.xcconfig; name = "Pods-AuthDemo-AuthDemoUITests.debug.xcconfig"; path = "Target Support Files/Pods-AuthDemo-AuthDemoUITests/Pods-AuthDemo-AuthDemoUITests.debug.xcconfig"; sourceTree = "<group>"; };
		D8D2C0381E18E7559D3721DE /* Pods-AuthDemoTests.release.xcconfig */ = {isa = PBXFileReference; includeInIndex = 1; lastKnownFileType = text.xcconfig; name = "Pods-AuthDemoTests.release.xcconfig"; path = "Target Support Files/Pods-AuthDemoTests/Pods-AuthDemoTests.release.xcconfig"; sourceTree = "<group>"; };
		ED1708A567F67825642EDBE7 /* Pods-AuthDemo.release.xcconfig */ = {isa = PBXFileReference; includeInIndex = 1; lastKnownFileType = text.xcconfig; name = "Pods-AuthDemo.release.xcconfig"; path = "Target Support Files/Pods-AuthDemo/Pods-AuthDemo.release.xcconfig"; sourceTree = "<group>"; };
/* End PBXFileReference section */

/* Begin PBXFileSystemSynchronizedBuildFileExceptionSet section */
		98CDB91E2E68FE9800CD30B1 /* Exceptions for "AuthDemo" folder in "AuthDemo" target */ = {
			isa = PBXFileSystemSynchronizedBuildFileExceptionSet;
			membershipExceptions = (
				Info.plist,
			);
			target = 98CDB8F22E68FE9400CD30B1 /* AuthDemo */;
		};
/* End PBXFileSystemSynchronizedBuildFileExceptionSet section */

/* Begin PBXFileSystemSynchronizedRootGroup section */
		98CDB8F52E68FE9400CD30B1 /* AuthDemo */ = {
			isa = PBXFileSystemSynchronizedRootGroup;
			exceptions = (
				98CDB91E2E68FE9800CD30B1 /* Exceptions for "AuthDemo" folder in "AuthDemo" target */,
			);
			path = AuthDemo;
			sourceTree = "<group>";
		};
		98CDB90F2E68FE9800CD30B1 /* AuthDemoTests */ = {
			isa = PBXFileSystemSynchronizedRootGroup;
			exceptions = (
			);
			path = AuthDemoTests;
			sourceTree = "<group>";
		};
		98CDB9192E68FE9800CD30B1 /* AuthDemoUITests */ = {
			isa = PBXFileSystemSynchronizedRootGroup;
			exceptions = (
			);
			path = AuthDemoUITests;
			sourceTree = "<group>";
		};
/* End PBXFileSystemSynchronizedRootGroup section */

/* Begin PBXFrameworksBuildPhase section */
		98CDB8F02E68FE9400CD30B1 /* Frameworks */ = {
			isa = PBXFrameworksBuildPhase;
			buildActionMask = 2147483647;
			files = (
				AD4599E412CAF958D91EA036 /* libPods-AuthDemo.a in Frameworks */,
			);
			runOnlyForDeploymentPostprocessing = 0;
		};
		98CDB9092E68FE9800CD30B1 /* Frameworks */ = {
			isa = PBXFrameworksBuildPhase;
			buildActionMask = 2147483647;
			files = (
				1B7617208D975DBE14A82ACE /* libPods-AuthDemoTests.a in Frameworks */,
			);
			runOnlyForDeploymentPostprocessing = 0;
		};
		98CDB9132E68FE9800CD30B1 /* Frameworks */ = {
			isa = PBXFrameworksBuildPhase;
			buildActionMask = 2147483647;
			files = (
				F8B8DC3E1A76ED7EFB3578CC /* libPods-AuthDemo-AuthDemoUITests.a in Frameworks */,
			);
			runOnlyForDeploymentPostprocessing = 0;
		};
/* End PBXFrameworksBuildPhase section */

/* Begin PBXGroup section */
		7ABC643385889A27B27DB5AA /* Frameworks */ = {
			isa = PBXGroup;
			children = (
				0F73F4907292D2CD21222DC2 /* libPods-AuthDemo.a */,
				6FCE0492646448A58F3169E9 /* libPods-AuthDemo-AuthDemoUITests.a */,
				3F6CF7C765B0B8EE5A17B496 /* libPods-AuthDemoTests.a */,
			);
			name = Frameworks;
			sourceTree = "<group>";
		};
		7D8CEDCB24198842E5435610 /* Pods */ = {
			isa = PBXGroup;
			children = (
				1131ABDFC5DCA04D2AB7F027 /* Pods-AuthDemo.debug.xcconfig */,
				ED1708A567F67825642EDBE7 /* Pods-AuthDemo.release.xcconfig */,
				A04D72D5B4EF04F9E8BCBA4A /* Pods-AuthDemo-AuthDemoUITests.debug.xcconfig */,
				78F3B549514BB0789CEDE633 /* Pods-AuthDemo-AuthDemoUITests.release.xcconfig */,
				5DE746CA57AFBB9B9317C1F7 /* Pods-AuthDemoTests.debug.xcconfig */,
				D8D2C0381E18E7559D3721DE /* Pods-AuthDemoTests.release.xcconfig */,
			);
			name = Pods;
			path = Pods;
			sourceTree = "<group>";
		};
		98CDB8EA2E68FE9400CD30B1 = {
			isa = PBXGroup;
			children = (
				98CDB8F52E68FE9400CD30B1 /* AuthDemo */,
				98CDB90F2E68FE9800CD30B1 /* AuthDemoTests */,
				98CDB9192E68FE9800CD30B1 /* AuthDemoUITests */,
				98CDB8F42E68FE9400CD30B1 /* Products */,
				7D8CEDCB24198842E5435610 /* Pods */,
				7ABC643385889A27B27DB5AA /* Frameworks */,
			);
			sourceTree = "<group>";
		};
		98CDB8F42E68FE9400CD30B1 /* Products */ = {
			isa = PBXGroup;
			children = (
				98CDB8F32E68FE9400CD30B1 /* AuthDemo.app */,
				98CDB90C2E68FE9800CD30B1 /* AuthDemoTests.xctest */,
				98CDB9162E68FE9800CD30B1 /* AuthDemoUITests.xctest */,
			);
			name = Products;
			sourceTree = "<group>";
		};
/* End PBXGroup section */

/* Begin PBXNativeTarget section */
		98CDB8F22E68FE9400CD30B1 /* AuthDemo */ = {
			isa = PBXNativeTarget;
			buildConfigurationList = 98CDB91F2E68FE9800CD30B1 /* Build configuration list for PBXNativeTarget "AuthDemo" */;
			buildPhases = (
				6563A49DD7002F6F56000B8E /* [CP] Check Pods Manifest.lock */,
				98CDB8EF2E68FE9400CD30B1 /* Sources */,
				98CDB8F02E68FE9400CD30B1 /* Frameworks */,
				98CDB8F12E68FE9400CD30B1 /* Resources */,
				EA020E8DA1D5A8C2642F8FD2 /* [CP] Copy Pods Resources */,
			);
			buildRules = (
			);
			dependencies = (
			);
			fileSystemSynchronizedGroups = (
				98CDB8F52E68FE9400CD30B1 /* AuthDemo */,
			);
			name = AuthDemo;
			productName = AuthDemo;
			productReference = 98CDB8F32E68FE9400CD30B1 /* AuthDemo.app */;
			productType = "com.apple.product-type.application";
		};
		98CDB90B2E68FE9800CD30B1 /* AuthDemoTests */ = {
			isa = PBXNativeTarget;
			buildConfigurationList = 98CDB9242E68FE9800CD30B1 /* Build configuration list for PBXNativeTarget "AuthDemoTests" */;
			buildPhases = (
				F06A0881B3E7C34F5DE3724A /* [CP] Check Pods Manifest.lock */,
				98CDB9082E68FE9800CD30B1 /* Sources */,
				98CDB9092E68FE9800CD30B1 /* Frameworks */,
				98CDB90A2E68FE9800CD30B1 /* Resources */,
			);
			buildRules = (
			);
			dependencies = (
				98CDB90E2E68FE9800CD30B1 /* PBXTargetDependency */,
			);
			fileSystemSynchronizedGroups = (
				98CDB90F2E68FE9800CD30B1 /* AuthDemoTests */,
			);
			name = AuthDemoTests;
			productName = AuthDemoTests;
			productReference = 98CDB90C2E68FE9800CD30B1 /* AuthDemoTests.xctest */;
			productType = "com.apple.product-type.bundle.unit-test";
		};
		98CDB9152E68FE9800CD30B1 /* AuthDemoUITests */ = {
			isa = PBXNativeTarget;
			buildConfigurationList = 98CDB9272E68FE9800CD30B1 /* Build configuration list for PBXNativeTarget "AuthDemoUITests" */;
			buildPhases = (
				040ECAD3AE96CCAC4C0B4C12 /* [CP] Check Pods Manifest.lock */,
				98CDB9122E68FE9800CD30B1 /* Sources */,
				98CDB9132E68FE9800CD30B1 /* Frameworks */,
				98CDB9142E68FE9800CD30B1 /* Resources */,
				CA763CBED38CDA385BE99435 /* [CP] Copy Pods Resources */,
			);
			buildRules = (
			);
			dependencies = (
				98CDB9182E68FE9800CD30B1 /* PBXTargetDependency */,
			);
			fileSystemSynchronizedGroups = (
				98CDB9192E68FE9800CD30B1 /* AuthDemoUITests */,
			);
			name = AuthDemoUITests;
			productName = AuthDemoUITests;
			productReference = 98CDB9162E68FE9800CD30B1 /* AuthDemoUITests.xctest */;
			productType = "com.apple.product-type.bundle.ui-testing";
		};
/* End PBXNativeTarget section */

/* Begin PBXProject section */
		98CDB8EB2E68FE9400CD30B1 /* Project object */ = {
			isa = PBXProject;
			attributes = {
				BuildIndependentTargetsInParallel = 1;
				LastSwiftUpdateCheck = 1640;
				LastUpgradeCheck = 1640;
				TargetAttributes = {
					98CDB8F22E68FE9400CD30B1 = {
						CreatedOnToolsVersion = 16.4;
					};
					98CDB90B2E68FE9800CD30B1 = {
						CreatedOnToolsVersion = 16.4;
						TestTargetID = 98CDB8F22E68FE9400CD30B1;
					};
					98CDB9152E68FE9800CD30B1 = {
						CreatedOnToolsVersion = 16.4;
						TestTargetID = 98CDB8F22E68FE9400CD30B1;
					};
				};
			};
			buildConfigurationList = 98CDB8EE2E68FE9400CD30B1 /* Build configuration list for PBXProject "AuthDemo" */;
			developmentRegion = en;
			hasScannedForEncodings = 0;
			knownRegions = (
				en,
				Base,
			);
			mainGroup = 98CDB8EA2E68FE9400CD30B1;
			minimizedProjectReferenceProxies = 1;
			preferredProjectObjectVersion = 77;
			productRefGroup = 98CDB8F42E68FE9400CD30B1 /* Products */;
			projectDirPath = "";
			projectRoot = "";
			targets = (
				98CDB8F22E68FE9400CD30B1 /* AuthDemo */,
				98CDB90B2E68FE9800CD30B1 /* AuthDemoTests */,
				98CDB9152E68FE9800CD30B1 /* AuthDemoUITests */,
			);
		};
/* End PBXProject section */

/* Begin PBXResourcesBuildPhase section */
		98CDB8F12E68FE9400CD30B1 /* Resources */ = {
			isa = PBXResourcesBuildPhase;
			buildActionMask = 2147483647;
			files = (
			);
			runOnlyForDeploymentPostprocessing = 0;
		};
		98CDB90A2E68FE9800CD30B1 /* Resources */ = {
			isa = PBXResourcesBuildPhase;
			buildActionMask = 2147483647;
			files = (
			);
			runOnlyForDeploymentPostprocessing = 0;
		};
		98CDB9142E68FE9800CD30B1 /* Resources */ = {
			isa = PBXResourcesBuildPhase;
			buildActionMask = 2147483647;
			files = (
			);
			runOnlyForDeploymentPostprocessing = 0;
		};
/* End PBXResourcesBuildPhase section */

/* Begin PBXShellScriptBuildPhase section */
		040ECAD3AE96CCAC4C0B4C12 /* [CP] Check Pods Manifest.lock */ = {
			isa = PBXShellScriptBuildPhase;
			buildActionMask = 2147483647;
			files = (
			);
			inputFileListPaths = (
			);
			inputPaths = (
				"${PODS_PODFILE_DIR_PATH}/Podfile.lock",
				"${PODS_ROOT}/Manifest.lock",
			);
			name = "[CP] Check Pods Manifest.lock";
			outputFileListPaths = (
			);
			outputPaths = (
				"$(DERIVED_FILE_DIR)/Pods-AuthDemo-AuthDemoUITests-checkManifestLockResult.txt",
			);
			runOnlyForDeploymentPostprocessing = 0;
			shellPath = /bin/sh;
			shellScript = "diff \"${PODS_PODFILE_DIR_PATH}/Podfile.lock\" \"${PODS_ROOT}/Manifest.lock\" > /dev/null\nif [ $? != 0 ] ; then\n    # print error to STDERR\n    echo \"error: The sandbox is not in sync with the Podfile.lock. Run 'pod install' or update your CocoaPods installation.\" >&2\n    exit 1\nfi\n# This output is used by Xcode 'outputs' to avoid re-running this script phase.\necho \"SUCCESS\" > \"${SCRIPT_OUTPUT_FILE_0}\"\n";
			showEnvVarsInLog = 0;
		};
		6563A49DD7002F6F56000B8E /* [CP] Check Pods Manifest.lock */ = {
			isa = PBXShellScriptBuildPhase;
			buildActionMask = 2147483647;
			files = (
			);
			inputFileListPaths = (
			);
			inputPaths = (
				"${PODS_PODFILE_DIR_PATH}/Podfile.lock",
				"${PODS_ROOT}/Manifest.lock",
			);
			name = "[CP] Check Pods Manifest.lock";
			outputFileListPaths = (
			);
			outputPaths = (
				"$(DERIVED_FILE_DIR)/Pods-AuthDemo-checkManifestLockResult.txt",
			);
			runOnlyForDeploymentPostprocessing = 0;
			shellPath = /bin/sh;
			shellScript = "diff \"${PODS_PODFILE_DIR_PATH}/Podfile.lock\" \"${PODS_ROOT}/Manifest.lock\" > /dev/null\nif [ $? != 0 ] ; then\n    # print error to STDERR\n    echo \"error: The sandbox is not in sync with the Podfile.lock. Run 'pod install' or update your CocoaPods installation.\" >&2\n    exit 1\nfi\n# This output is used by Xcode 'outputs' to avoid re-running this script phase.\necho \"SUCCESS\" > \"${SCRIPT_OUTPUT_FILE_0}\"\n";
			showEnvVarsInLog = 0;
		};
		CA763CBED38CDA385BE99435 /* [CP] Copy Pods Resources */ = {
			isa = PBXShellScriptBuildPhase;
			buildActionMask = 2147483647;
			files = (
			);
			inputFileListPaths = (
				"${PODS_ROOT}/Target Support Files/Pods-AuthDemo-AuthDemoUITests/Pods-AuthDemo-AuthDemoUITests-resources-${CONFIGURATION}-input-files.xcfilelist",
			);
			name = "[CP] Copy Pods Resources";
			outputFileListPaths = (
				"${PODS_ROOT}/Target Support Files/Pods-AuthDemo-AuthDemoUITests/Pods-AuthDemo-AuthDemoUITests-resources-${CONFIGURATION}-output-files.xcfilelist",
			);
			runOnlyForDeploymentPostprocessing = 0;
			shellPath = /bin/sh;
			shellScript = "\"${PODS_ROOT}/Target Support Files/Pods-AuthDemo-AuthDemoUITests/Pods-AuthDemo-AuthDemoUITests-resources.sh\"\n";
			showEnvVarsInLog = 0;
		};
		EA020E8DA1D5A8C2642F8FD2 /* [CP] Copy Pods Resources */ = {
			isa = PBXShellScriptBuildPhase;
			buildActionMask = 2147483647;
			files = (
			);
			inputFileListPaths = (
				"${PODS_ROOT}/Target Support Files/Pods-AuthDemo/Pods-AuthDemo-resources-${CONFIGURATION}-input-files.xcfilelist",
			);
			name = "[CP] Copy Pods Resources";
			outputFileListPaths = (
				"${PODS_ROOT}/Target Support Files/Pods-AuthDemo/Pods-AuthDemo-resources-${CONFIGURATION}-output-files.xcfilelist",
			);
			runOnlyForDeploymentPostprocessing = 0;
			shellPath = /bin/sh;
			shellScript = "\"${PODS_ROOT}/Target Support Files/Pods-AuthDemo/Pods-AuthDemo-resources.sh\"\n";
			showEnvVarsInLog = 0;
		};
		F06A0881B3E7C34F5DE3724A /* [CP] Check Pods Manifest.lock */ = {
			isa = PBXShellScriptBuildPhase;
			buildActionMask = 2147483647;
			files = (
			);
			inputFileListPaths = (
			);
			inputPaths = (
				"${PODS_PODFILE_DIR_PATH}/Podfile.lock",
				"${PODS_ROOT}/Manifest.lock",
			);
			name = "[CP] Check Pods Manifest.lock";
			outputFileListPaths = (
			);
			outputPaths = (
				"$(DERIVED_FILE_DIR)/Pods-AuthDemoTests-checkManifestLockResult.txt",
			);
			runOnlyForDeploymentPostprocessing = 0;
			shellPath = /bin/sh;
			shellScript = "diff \"${PODS_PODFILE_DIR_PATH}/Podfile.lock\" \"${PODS_ROOT}/Manifest.lock\" > /dev/null\nif [ $? != 0 ] ; then\n    # print error to STDERR\n    echo \"error: The sandbox is not in sync with the Podfile.lock. Run 'pod install' or update your CocoaPods installation.\" >&2\n    exit 1\nfi\n# This output is used by Xcode 'outputs' to avoid re-running this script phase.\necho \"SUCCESS\" > \"${SCRIPT_OUTPUT_FILE_0}\"\n";
			showEnvVarsInLog = 0;
		};
/* End PBXShellScriptBuildPhase section */

/* Begin PBXSourcesBuildPhase section */
		98CDB8EF2E68FE9400CD30B1 /* Sources */ = {
			isa = PBXSourcesBuildPhase;
			buildActionMask = 2147483647;
			files = (
			);
			runOnlyForDeploymentPostprocessing = 0;
		};
		98CDB9082E68FE9800CD30B1 /* Sources */ = {
			isa = PBXSourcesBuildPhase;
			buildActionMask = 2147483647;
			files = (
			);
			runOnlyForDeploymentPostprocessing = 0;
		};
		98CDB9122E68FE9800CD30B1 /* Sources */ = {
			isa = PBXSourcesBuildPhase;
			buildActionMask = 2147483647;
			files = (
			);
			runOnlyForDeploymentPostprocessing = 0;
		};
/* End PBXSourcesBuildPhase section */

/* Begin PBXTargetDependency section */
		98CDB90E2E68FE9800CD30B1 /* PBXTargetDependency */ = {
			isa = PBXTargetDependency;
			target = 98CDB8F22E68FE9400CD30B1 /* AuthDemo */;
			targetProxy = 98CDB90D2E68FE9800CD30B1 /* PBXContainerItemProxy */;
		};
		98CDB9182E68FE9800CD30B1 /* PBXTargetDependency */ = {
			isa = PBXTargetDependency;
			target = 98CDB8F22E68FE9400CD30B1 /* AuthDemo */;
			targetProxy = 98CDB9172E68FE9800CD30B1 /* PBXContainerItemProxy */;
		};
/* End PBXTargetDependency section */

/* Begin XCBuildConfiguration section */
		98CDB9202E68FE9800CD30B1 /* Debug */ = {
			isa = XCBuildConfiguration;
			baseConfigurationReference = 1131ABDFC5DCA04D2AB7F027 /* Pods-AuthDemo.debug.xcconfig */;
			buildSettings = {
				ASSETCATALOG_COMPILER_APPICON_NAME = AppIcon;
				ASSETCATALOG_COMPILER_GLOBAL_ACCENT_COLOR_NAME = AccentColor;
				CODE_SIGN_STYLE = Automatic;
				CURRENT_PROJECT_VERSION = 1;
				DEVELOPMENT_TEAM = YM3KVPGY58;
				GENERATE_INFOPLIST_FILE = YES;
				INFOPLIST_FILE = AuthDemo/Info.plist;
				INFOPLIST_KEY_UIApplicationSupportsIndirectInputEvents = YES;
				INFOPLIST_KEY_UILaunchStoryboardName = LaunchScreen;
				INFOPLIST_KEY_UIMainStoryboardFile = Main;
				INFOPLIST_KEY_UISupportedInterfaceOrientations_iPad = "UIInterfaceOrientationPortrait UIInterfaceOrientationPortraitUpsideDown UIInterfaceOrientationLandscapeLeft UIInterfaceOrientationLandscapeRight";
				INFOPLIST_KEY_UISupportedInterfaceOrientations_iPhone = "UIInterfaceOrientationPortrait UIInterfaceOrientationLandscapeLeft UIInterfaceOrientationLandscapeRight";
				LD_RUNPATH_SEARCH_PATHS = (
					"$(inherited)",
					"@executable_path/Frameworks",
				);
				MARKETING_VERSION = 1.0;
				PRODUCT_BUNDLE_IDENTIFIER = test.sample.app.AuthDemo;
				PRODUCT_NAME = "$(TARGET_NAME)";
				SWIFT_EMIT_LOC_STRINGS = YES;
				SWIFT_VERSION = 5.0;
				TARGETED_DEVICE_FAMILY = "1,2";
			};
			name = Debug;
		};
		98CDB9212E68FE9800CD30B1 /* Release */ = {
			isa = XCBuildConfiguration;
			baseConfigurationReference = ED1708A567F67825642EDBE7 /* Pods-AuthDemo.release.xcconfig */;
			buildSettings = {
				ASSETCATALOG_COMPILER_APPICON_NAME = AppIcon;
				ASSETCATALOG_COMPILER_GLOBAL_ACCENT_COLOR_NAME = AccentColor;
				CODE_SIGN_STYLE = Automatic;
				CURRENT_PROJECT_VERSION = 1;
				DEVELOPMENT_TEAM = YM3KVPGY58;
				GENERATE_INFOPLIST_FILE = YES;
				INFOPLIST_FILE = AuthDemo/Info.plist;
				INFOPLIST_KEY_UIApplicationSupportsIndirectInputEvents = YES;
				INFOPLIST_KEY_UILaunchStoryboardName = LaunchScreen;
				INFOPLIST_KEY_UIMainStoryboardFile = Main;
				INFOPLIST_KEY_UISupportedInterfaceOrientations_iPad = "UIInterfaceOrientationPortrait UIInterfaceOrientationPortraitUpsideDown UIInterfaceOrientationLandscapeLeft UIInterfaceOrientationLandscapeRight";
				INFOPLIST_KEY_UISupportedInterfaceOrientations_iPhone = "UIInterfaceOrientationPortrait UIInterfaceOrientationLandscapeLeft UIInterfaceOrientationLandscapeRight";
				LD_RUNPATH_SEARCH_PATHS = (
					"$(inherited)",
					"@executable_path/Frameworks",
				);
				MARKETING_VERSION = 1.0;
				PRODUCT_BUNDLE_IDENTIFIER = test.sample.app.AuthDemo;
				PRODUCT_NAME = "$(TARGET_NAME)";
				SWIFT_EMIT_LOC_STRINGS = YES;
				SWIFT_VERSION = 5.0;
				TARGETED_DEVICE_FAMILY = "1,2";
			};
			name = Release;
		};
		98CDB9222E68FE9800CD30B1 /* Debug */ = {
			isa = XCBuildConfiguration;
			buildSettings = {
				ALWAYS_SEARCH_USER_PATHS = NO;
				ASSETCATALOG_COMPILER_GENERATE_SWIFT_ASSET_SYMBOL_EXTENSIONS = YES;
				CLANG_ANALYZER_NONNULL = YES;
				CLANG_ANALYZER_NUMBER_OBJECT_CONVERSION = YES_AGGRESSIVE;
				CLANG_CXX_LANGUAGE_STANDARD = "gnu++20";
				CLANG_ENABLE_MODULES = YES;
				CLANG_ENABLE_OBJC_ARC = YES;
				CLANG_ENABLE_OBJC_WEAK = YES;
				CLANG_WARN_BLOCK_CAPTURE_AUTORELEASING = YES;
				CLANG_WARN_BOOL_CONVERSION = YES;
				CLANG_WARN_COMMA = YES;
				CLANG_WARN_CONSTANT_CONVERSION = YES;
				CLANG_WARN_DEPRECATED_OBJC_IMPLEMENTATIONS = YES;
				CLANG_WARN_DIRECT_OBJC_ISA_USAGE = YES_ERROR;
				CLANG_WARN_DOCUMENTATION_COMMENTS = YES;
				CLANG_WARN_EMPTY_BODY = YES;
				CLANG_WARN_ENUM_CONVERSION = YES;
				CLANG_WARN_INFINITE_RECURSION = YES;
				CLANG_WARN_INT_CONVERSION = YES;
				CLANG_WARN_NON_LITERAL_NULL_CONVERSION = YES;
				CLANG_WARN_OBJC_IMPLICIT_RETAIN_SELF = YES;
				CLANG_WARN_OBJC_LITERAL_CONVERSION = YES;
				CLANG_WARN_OBJC_ROOT_CLASS = YES_ERROR;
				CLANG_WARN_QUOTED_INCLUDE_IN_FRAMEWORK_HEADER = YES;
				CLANG_WARN_RANGE_LOOP_ANALYSIS = YES;
				CLANG_WARN_STRICT_PROTOTYPES = YES;
				CLANG_WARN_SUSPICIOUS_MOVE = YES;
				CLANG_WARN_UNGUARDED_AVAILABILITY = YES_AGGRESSIVE;
				CLANG_WARN_UNREACHABLE_CODE = YES;
				CLANG_WARN__DUPLICATE_METHOD_MATCH = YES;
				COPY_PHASE_STRIP = NO;
				DEBUG_INFORMATION_FORMAT = dwarf;
				DEVELOPMENT_TEAM = YM3KVPGY58;
				ENABLE_STRICT_OBJC_MSGSEND = YES;
				ENABLE_TESTABILITY = YES;
				ENABLE_USER_SCRIPT_SANDBOXING = YES;
				GCC_C_LANGUAGE_STANDARD = gnu17;
				GCC_DYNAMIC_NO_PIC = NO;
				GCC_NO_COMMON_BLOCKS = YES;
				GCC_OPTIMIZATION_LEVEL = 0;
				GCC_PREPROCESSOR_DEFINITIONS = (
					"DEBUG=1",
					"$(inherited)",
				);
				GCC_WARN_64_TO_32_BIT_CONVERSION = YES;
				GCC_WARN_ABOUT_RETURN_TYPE = YES_ERROR;
				GCC_WARN_UNDECLARED_SELECTOR = YES;
				GCC_WARN_UNINITIALIZED_AUTOS = YES_AGGRESSIVE;
				GCC_WARN_UNUSED_FUNCTION = YES;
				GCC_WARN_UNUSED_VARIABLE = YES;
				IPHONEOS_DEPLOYMENT_TARGET = 18.5;
				LOCALIZATION_PREFERS_STRING_CATALOGS = YES;
				MTL_ENABLE_DEBUG_INFO = INCLUDE_SOURCE;
				MTL_FAST_MATH = YES;
				ONLY_ACTIVE_ARCH = YES;
				SDKROOT = iphoneos;
				SWIFT_ACTIVE_COMPILATION_CONDITIONS = "DEBUG $(inherited)";
				SWIFT_OPTIMIZATION_LEVEL = "-Onone";
			};
			name = Debug;
		};
		98CDB9232E68FE9800CD30B1 /* Release */ = {
			isa = XCBuildConfiguration;
			buildSettings = {
				ALWAYS_SEARCH_USER_PATHS = NO;
				ASSETCATALOG_COMPILER_GENERATE_SWIFT_ASSET_SYMBOL_EXTENSIONS = YES;
				CLANG_ANALYZER_NONNULL = YES;
				CLANG_ANALYZER_NUMBER_OBJECT_CONVERSION = YES_AGGRESSIVE;
				CLANG_CXX_LANGUAGE_STANDARD = "gnu++20";
				CLANG_ENABLE_MODULES = YES;
				CLANG_ENABLE_OBJC_ARC = YES;
				CLANG_ENABLE_OBJC_WEAK = YES;
				CLANG_WARN_BLOCK_CAPTURE_AUTORELEASING = YES;
				CLANG_WARN_BOOL_CONVERSION = YES;
				CLANG_WARN_COMMA = YES;
				CLANG_WARN_CONSTANT_CONVERSION = YES;
				CLANG_WARN_DEPRECATED_OBJC_IMPLEMENTATIONS = YES;
				CLANG_WARN_DIRECT_OBJC_ISA_USAGE = YES_ERROR;
				CLANG_WARN_DOCUMENTATION_COMMENTS = YES;
				CLANG_WARN_EMPTY_BODY = YES;
				CLANG_WARN_ENUM_CONVERSION = YES;
				CLANG_WARN_INFINITE_RECURSION = YES;
				CLANG_WARN_INT_CONVERSION = YES;
				CLANG_WARN_NON_LITERAL_NULL_CONVERSION = YES;
				CLANG_WARN_OBJC_IMPLICIT_RETAIN_SELF = YES;
				CLANG_WARN_OBJC_LITERAL_CONVERSION = YES;
				CLANG_WARN_OBJC_ROOT_CLASS = YES_ERROR;
				CLANG_WARN_QUOTED_INCLUDE_IN_FRAMEWORK_HEADER = YES;
				CLANG_WARN_RANGE_LOOP_ANALYSIS = YES;
				CLANG_WARN_STRICT_PROTOTYPES = YES;
				CLANG_WARN_SUSPICIOUS_MOVE = YES;
				CLANG_WARN_UNGUARDED_AVAILABILITY = YES_AGGRESSIVE;
				CLANG_WARN_UNREACHABLE_CODE = YES;
				CLANG_WARN__DUPLICATE_METHOD_MATCH = YES;
				COPY_PHASE_STRIP = NO;
				DEBUG_INFORMATION_FORMAT = "dwarf-with-dsym";
				DEVELOPMENT_TEAM = YM3KVPGY58;
				ENABLE_NS_ASSERTIONS = NO;
				ENABLE_STRICT_OBJC_MSGSEND = YES;
				ENABLE_USER_SCRIPT_SANDBOXING = YES;
				GCC_C_LANGUAGE_STANDARD = gnu17;
				GCC_NO_COMMON_BLOCKS = YES;
				GCC_WARN_64_TO_32_BIT_CONVERSION = YES;
				GCC_WARN_ABOUT_RETURN_TYPE = YES_ERROR;
				GCC_WARN_UNDECLARED_SELECTOR = YES;
				GCC_WARN_UNINITIALIZED_AUTOS = YES_AGGRESSIVE;
				GCC_WARN_UNUSED_FUNCTION = YES;
				GCC_WARN_UNUSED_VARIABLE = YES;
				IPHONEOS_DEPLOYMENT_TARGET = 18.5;
				LOCALIZATION_PREFERS_STRING_CATALOGS = YES;
				MTL_ENABLE_DEBUG_INFO = NO;
				MTL_FAST_MATH = YES;
				SDKROOT = iphoneos;
				SWIFT_COMPILATION_MODE = wholemodule;
				VALIDATE_PRODUCT = YES;
			};
			name = Release;
		};
		98CDB9252E68FE9800CD30B1 /* Debug */ = {
			isa = XCBuildConfiguration;
			baseConfigurationReference = 5DE746CA57AFBB9B9317C1F7 /* Pods-AuthDemoTests.debug.xcconfig */;
			buildSettings = {
				BUNDLE_LOADER = "$(TEST_HOST)";
				CODE_SIGN_STYLE = Automatic;
				CURRENT_PROJECT_VERSION = 1;
				DEVELOPMENT_TEAM = YM3KVPGY58;
				GENERATE_INFOPLIST_FILE = YES;
				IPHONEOS_DEPLOYMENT_TARGET = 18.5;
				MARKETING_VERSION = 1.0;
				PRODUCT_BUNDLE_IDENTIFIER = test.sample.app.AuthDemoTests;
				PRODUCT_NAME = "$(TARGET_NAME)";
				SWIFT_EMIT_LOC_STRINGS = NO;
				SWIFT_VERSION = 5.0;
				TARGETED_DEVICE_FAMILY = "1,2";
				TEST_HOST = "$(BUILT_PRODUCTS_DIR)/AuthDemo.app/$(BUNDLE_EXECUTABLE_FOLDER_PATH)/AuthDemo";
			};
			name = Debug;
		};
		98CDB9262E68FE9800CD30B1 /* Release */ = {
			isa = XCBuildConfiguration;
			baseConfigurationReference = D8D2C0381E18E7559D3721DE /* Pods-AuthDemoTests.release.xcconfig */;
			buildSettings = {
				BUNDLE_LOADER = "$(TEST_HOST)";
				CODE_SIGN_STYLE = Automatic;
				CURRENT_PROJECT_VERSION = 1;
				DEVELOPMENT_TEAM = YM3KVPGY58;
				GENERATE_INFOPLIST_FILE = YES;
				IPHONEOS_DEPLOYMENT_TARGET = 18.5;
				MARKETING_VERSION = 1.0;
				PRODUCT_BUNDLE_IDENTIFIER = test.sample.app.AuthDemoTests;
				PRODUCT_NAME = "$(TARGET_NAME)";
				SWIFT_EMIT_LOC_STRINGS = NO;
				SWIFT_VERSION = 5.0;
				TARGETED_DEVICE_FAMILY = "1,2";
				TEST_HOST = "$(BUILT_PRODUCTS_DIR)/AuthDemo.app/$(BUNDLE_EXECUTABLE_FOLDER_PATH)/AuthDemo";
			};
			name = Release;
		};
		98CDB9282E68FE9800CD30B1 /* Debug */ = {
			isa = XCBuildConfiguration;
			baseConfigurationReference = A04D72D5B4EF04F9E8BCBA4A /* Pods-AuthDemo-AuthDemoUITests.debug.xcconfig */;
			buildSettings = {
				CODE_SIGN_STYLE = Automatic;
				CURRENT_PROJECT_VERSION = 1;
				DEVELOPMENT_TEAM = YM3KVPGY58;
				GENERATE_INFOPLIST_FILE = YES;
				MARKETING_VERSION = 1.0;
				PRODUCT_BUNDLE_IDENTIFIER = test.sample.app.AuthDemoUITests;
				PRODUCT_NAME = "$(TARGET_NAME)";
				SWIFT_EMIT_LOC_STRINGS = NO;
				SWIFT_VERSION = 5.0;
				TARGETED_DEVICE_FAMILY = "1,2";
				TEST_TARGET_NAME = AuthDemo;
			};
			name = Debug;
		};
		98CDB9292E68FE9800CD30B1 /* Release */ = {
			isa = XCBuildConfiguration;
			baseConfigurationReference = 78F3B549514BB0789CEDE633 /* Pods-AuthDemo-AuthDemoUITests.release.xcconfig */;
			buildSettings = {
				CODE_SIGN_STYLE = Automatic;
				CURRENT_PROJECT_VERSION = 1;
				DEVELOPMENT_TEAM = YM3KVPGY58;
				GENERATE_INFOPLIST_FILE = YES;
				MARKETING_VERSION = 1.0;
				PRODUCT_BUNDLE_IDENTIFIER = test.sample.app.AuthDemoUITests;
				PRODUCT_NAME = "$(TARGET_NAME)";
				SWIFT_EMIT_LOC_STRINGS = NO;
				SWIFT_VERSION = 5.0;
				TARGETED_DEVICE_FAMILY = "1,2";
				TEST_TARGET_NAME = AuthDemo;
			};
			name = Release;
		};
/* End XCBuildConfiguration section */

/* Begin XCConfigurationList section */
		98CDB8EE2E68FE9400CD30B1 /* Build configuration list for PBXProject "AuthDemo" */ = {
			isa = XCConfigurationList;
			buildConfigurations = (
				98CDB9222E68FE9800CD30B1 /* Debug */,
				98CDB9232E68FE9800CD30B1 /* Release */,
			);
			defaultConfigurationIsVisible = 0;
			defaultConfigurationName = Release;
		};
		98CDB91F2E68FE9800CD30B1 /* Build configuration list for PBXNativeTarget "AuthDemo" */ = {
			isa = XCConfigurationList;
			buildConfigurations = (
				98CDB9202E68FE9800CD30B1 /* Debug */,
				98CDB9212E68FE9800CD30B1 /* Release */,
			);
			defaultConfigurationIsVisible = 0;
			defaultConfigurationName = Release;
		};
		98CDB9242E68FE9800CD30B1 /* Build configuration list for PBXNativeTarget "AuthDemoTests" */ = {
			isa = XCConfigurationList;
			buildConfigurations = (
				98CDB9252E68FE9800CD30B1 /* Debug */,
				98CDB9262E68FE9800CD30B1 /* Release */,
			);
			defaultConfigurationIsVisible = 0;
			defaultConfigurationName = Release;
		};
		98CDB9272E68FE9800CD30B1 /* Build configuration list for PBXNativeTarget "AuthDemoUITests" */ = {
			isa = XCConfigurationList;
			buildConfigurations = (
				98CDB9282E68FE9800CD30B1 /* Debug */,
				98CDB9292E68FE9800CD30B1 /* Release */,
			);
			defaultConfigurationIsVisible = 0;
			defaultConfigurationName = Release;
		};
/* End XCConfigurationList section */
	};
	rootObject = 98CDB8EB2E68FE9400CD30B1 /* Project object */;
}
